PODS:
  - ActiveLabel (1.1.0)
  - blurhash (0.0.1)
  - BonMot (6.0.0)
  - BSImagePicker (3.3.1)
  - CocoaLumberjack (3.7.4):
    - CocoaLumberjack/Core (= 3.7.4)
  - CocoaLumberjack/Core (3.7.4)
  - CryptoSwift (1.4.3)
  - Curve25519Kit (2.1.0):
    - CocoaLumberjack
    - LibSignalClient (>= 0.15.0)
    - SignalCoreKit
  - Curve25519Kit/Tests (2.1.0):
    - CocoaLumberjack
    - LibSignalClient (>= 0.15.0)
    - SignalCoreKit
  - FirebaseAnalytics (10.16.0):
    - FirebaseAnalytics/AdIdSupport (= 10.16.0)
    - FirebaseCore (~> 10.0)
    - FirebaseInstallations (~> 10.0)
    - GoogleUtilities/AppDelegateSwizzler (~> 7.11)
    - GoogleUtilities/MethodSwizzler (~> 7.11)
    - GoogleUtilities/Network (~> 7.11)
    - "GoogleUtilities/NSData+zlib (~> 7.11)"
    - nanopb (< 2.30910.0, >= 2.30908.0)
  - FirebaseAnalytics/AdIdSupport (10.16.0):
    - FirebaseCore (~> 10.0)
    - FirebaseInstallations (~> 10.0)
    - GoogleAppMeasurement (= 10.16.0)
    - GoogleUtilities/AppDelegateSwizzler (~> 7.11)
    - GoogleUtilities/MethodSwizzler (~> 7.11)
    - GoogleUtilities/Network (~> 7.11)
    - "GoogleUtilities/NSData+zlib (~> 7.11)"
    - nanopb (< 2.30910.0, >= 2.30908.0)
  - FirebaseCore (10.16.0):
    - FirebaseCoreInternal (~> 10.0)
    - GoogleUtilities/Environment (~> 7.8)
    - GoogleUtilities/Logger (~> 7.8)
  - FirebaseCoreExtension (10.16.0):
    - FirebaseCore (~> 10.0)
  - FirebaseCoreInternal (10.16.0):
    - "GoogleUtilities/NSData+zlib (~> 7.8)"
  - FirebaseCrashlytics (10.16.0):
    - FirebaseCore (~> 10.5)
    - FirebaseInstallations (~> 10.0)
    - FirebaseSessions (~> 10.5)
    - GoogleDataTransport (~> 9.2)
    - GoogleUtilities/Environment (~> 7.8)
    - nanopb (< 2.30910.0, >= 2.30908.0)
    - PromisesObjC (~> 2.1)
  - FirebaseDynamicLinks (10.16.0):
    - FirebaseCore (~> 10.0)
  - FirebaseInstallations (10.16.0):
    - FirebaseCore (~> 10.0)
    - GoogleUtilities/Environment (~> 7.8)
    - GoogleUtilities/UserDefaults (~> 7.8)
    - PromisesObjC (~> 2.1)
  - FirebaseSessions (10.16.0):
    - FirebaseCore (~> 10.5)
    - FirebaseCoreExtension (~> 10.0)
    - FirebaseInstallations (~> 10.0)
    - GoogleDataTransport (~> 9.2)
    - GoogleUtilities/Environment (~> 7.10)
    - nanopb (< 2.30910.0, >= 2.30908.0)
    - PromisesSwift (~> 2.1)
  - FittedSheets (2.6.1)
  - GoogleAppMeasurement (10.16.0):
    - GoogleAppMeasurement/AdIdSupport (= 10.16.0)
    - GoogleUtilities/AppDelegateSwizzler (~> 7.11)
    - GoogleUtilities/MethodSwizzler (~> 7.11)
    - GoogleUtilities/Network (~> 7.11)
    - "GoogleUtilities/NSData+zlib (~> 7.11)"
    - nanopb (< 2.30910.0, >= 2.30908.0)
  - GoogleAppMeasurement/AdIdSupport (10.16.0):
    - GoogleAppMeasurement/WithoutAdIdSupport (= 10.16.0)
    - GoogleUtilities/AppDelegateSwizzler (~> 7.11)
    - GoogleUtilities/MethodSwizzler (~> 7.11)
    - GoogleUtilities/Network (~> 7.11)
    - "GoogleUtilities/NSData+zlib (~> 7.11)"
    - nanopb (< 2.30910.0, >= 2.30908.0)
  - GoogleAppMeasurement/WithoutAdIdSupport (10.16.0):
    - GoogleUtilities/AppDelegateSwizzler (~> 7.11)
    - GoogleUtilities/MethodSwizzler (~> 7.11)
    - GoogleUtilities/Network (~> 7.11)
    - "GoogleUtilities/NSData+zlib (~> 7.11)"
    - nanopb (< 2.30910.0, >= 2.30908.0)
  - GoogleDataTransport (9.2.5):
    - GoogleUtilities/Environment (~> 7.7)
    - nanopb (< 2.30910.0, >= 2.30908.0)
    - PromisesObjC (< 3.0, >= 1.2)
  - GoogleUtilities/AppDelegateSwizzler (7.11.5):
    - GoogleUtilities/Environment
    - GoogleUtilities/Logger
    - GoogleUtilities/Network
  - GoogleUtilities/Environment (7.11.5):
    - PromisesObjC (< 3.0, >= 1.2)
  - GoogleUtilities/Logger (7.11.5):
    - GoogleUtilities/Environment
  - GoogleUtilities/MethodSwizzler (7.11.5):
    - GoogleUtilities/Logger
  - GoogleUtilities/Network (7.11.5):
    - GoogleUtilities/Logger
    - "GoogleUtilities/NSData+zlib"
    - GoogleUtilities/Reachability
  - "GoogleUtilities/NSData+zlib (7.11.5)"
  - GoogleUtilities/Reachability (7.11.5):
    - GoogleUtilities/Logger
  - GoogleUtilities/UserDefaults (7.11.5):
    - GoogleUtilities/Logger
  - GRDB.swift/SQLCipher (5.26.0):
    - SQLCipher (>= 3.4.0)
  - GzipSwift (5.1.1)
  - InputBarAccessoryView (5.5.0):
    - InputBarAccessoryView/Core (= 5.5.0)
  - InputBarAccessoryView/Core (5.5.0)
  - IQKeyboardManager (6.5.15)
  - Kingfisher (7.9.1)
  - LibMobileCoin/CoreHTTP (5.0.0):
    - SwiftProtobuf (~> 1.5)
  - libPhoneNumber-iOS (0.9.15)
  - LibSignalClient (0.32.1):
    - SignalCoreKit
  - LibSignalClient/Tests (0.32.1):
    - SignalCoreKit
  - libwebp (1.3.2):
    - libwebp/demux (= 1.3.2)
    - libwebp/mux (= 1.3.2)
    - libwebp/webp (= 1.3.2)
  - libwebp/demux (1.3.2):
    - libwebp/webp
  - libwebp/mux (1.3.2):
    - libwebp/demux
  - libwebp/webp (1.3.2)
  - Logging (1.4.0)
  - lottie-ios (4.3.3)
  - Mantle (2.1.0):
    - Mantle/extobjc (= 2.1.0)
  - Mantle/extobjc (2.1.0)
  - MessageKit (3.8.0):
    - InputBarAccessoryView (~> 5.5.0)
  - MobileCoin/CoreHTTP (5.0.0):
    - LibMobileCoin/CoreHTTP (~> 5.0.0)
    - Logging (~> 1.4)
  - MobileCoinMinimal (1.2.0-pre2):
    - CocoaLumberjack
    - Logging (~> 1.4)
    - SwiftProtobuf
  - MobileCoinMinimal/Tests (1.2.0-pre2):
    - CocoaLumberjack
    - Logging (~> 1.4)
    - SwiftProtobuf
  - nanopb (2.30909.0):
    - nanopb/decode (= 2.30909.0)
    - nanopb/encode (= 2.30909.0)
  - nanopb/decode (2.30909.0)
  - nanopb/encode (2.30909.0)
  - nekoton_uniffi (0.0.1)
  - NVActivityIndicatorView (5.1.1):
    - NVActivityIndicatorView/Base (= 5.1.1)
  - NVActivityIndicatorView/Base (5.1.1)
  - pop (1.0.12)
  - PromisesObjC (2.3.1)
  - PromisesSwift (2.3.1):
    - PromisesObjC (= 2.3.1)
  - PureLayout (3.1.4)
  - Reachability (3.2)
  - SAMKeychain (1.5.3)
  - SignalCoreKit (1.0.0):
    - CocoaLumberjack
  - SignalCoreKit/Tests (1.0.0):
    - CocoaLumberjack
  - SignalRingRTC (2.34.0):
    - SignalCoreKit
    - SignalRingRTC/WebRTC (= 2.34.0)
  - SignalRingRTC/WebRTC (2.34.0):
    - SignalCoreKit
  - SkeletonView (1.30.4)
  - SnapKit (5.6.0)
  - Socket.IO-Client-Swift (16.1.0):
    - Starscream (~> 4.0.6)
  - SQLCipher (4.5.3):
    - SQLCipher/standard (= 4.5.3)
  - SQLCipher/common (4.5.3)
  - SQLCipher/standard (4.5.3):
    - SQLCipher/common
  - SSZipArchive (2.5.2)
  - Starscream (4.0.6)
  - SVGKit (3.0.0):
    - CocoaLumberjack (~> 3.0)
  - SwiftProtobuf (1.20.3)
  - SwiftyJSON (4.3.0)
  - YYImage (1.0.4):
    - YYImage/Core (= 1.0.4)
  - YYImage/Core (1.0.4)
  - YYImage/libwebp (1.0.4):
    - libwebp
    - YYImage/Core

DEPENDENCIES:
  - ActiveLabel
  - blurhash (from `https://github.com/signalapp/blurhash`, branch `signal-master`)
  - BonMot
  - BSImagePicker (~> 3.1)
  - CocoaLumberjack
  - CryptoSwift (~> 1.4.1)
  - Curve25519Kit (from `https://github.com/signalapp/Curve25519Kit`, branch `feature/SignalClient-adoption`)
  - Curve25519Kit/Tests (from `https://github.com/signalapp/Curve25519Kit`, branch `feature/SignalClient-adoption`)
  - FirebaseAnalytics
  - FirebaseCrashlytics
  - FirebaseDynamicLinks
  - FittedSheets
  - GRDB.swift/SQLCipher
  - GzipSwift
  - IQKeyboardManager
  - Kingfisher (~> 7.0)
  - LibMobileCoin/CoreHTTP (from `https://github.com/signalapp/libmobilecoin-ios-artifacts`, commit `5cd4f39a24d06708d1c19aced8384740689d7f61`)
  - libPhoneNumber-iOS (from `https://github.com/signalapp/libPhoneNumber-iOS`, branch `signal-master`)
  - LibSignalClient (from `libsignal-client`)
  - LibSignalClient/Tests (from `libsignal-client`)
  - libwebp (from `./ThirdParty/libwebp.podspec.json`)
  - lottie-ios (~> 4.3)
  - Mantle (from `https://github.com/signalapp/Mantle`, branch `signal-master`)
  - MessageKit (from `https://github.com/d3nzZ3L/MessageKit`)
  - MobileCoin/CoreHTTP (from `https://github.com/mobilecoinofficial/MobileCoin-Swift`, tag `v5.0.0`)
  - MobileCoinMinimal (from `https://github.com/signalapp/MobileCoin-Swift.git`, branch `charlesmchen/mobileCoinMinimal`)
  - MobileCoinMinimal/Tests (from `https://github.com/signalapp/MobileCoin-Swift.git`, branch `charlesmchen/mobileCoinMinimal`)
  - nekoton_uniffi (from `nekoton_uniffi/ios/nekoton_uniffi.podspec`)
  - NVActivityIndicatorView
  - pop
  - PureLayout
  - Reachability
  - SAMKeychain
  - SignalCoreKit (from `https://github.com/signalapp/SignalCoreKit`)
  - SignalCoreKit/Tests (from `https://github.com/signalapp/SignalCoreKit`)
  - SignalRingRTC (from `ringrtc`)
  - SkeletonView
  - SnapKit (~> 5.6.0)
  - Socket.IO-Client-Swift
  - SQLCipher (from `https://github.com/signalapp/sqlcipher.git`, commit `8ea0af7934e0107e4de8e96c8a7d5a95e2611eef`)
  - SSZipArchive (from `ThirdParty/SSZipArchive.podspec`)
  - SVGKit
  - SwiftProtobuf (>= 1.14.0)
  - SwiftyJSON (~> 4.0)
  - YYImage (from `https://github.com/signalapp/YYImage`)
  - YYImage/libwebp (from `https://github.com/signalapp/YYImage`)

SPEC REPOS:
  trunk:
    - ActiveLabel
    - BonMot
    - BSImagePicker
    - CocoaLumberjack
    - CryptoSwift
    - FirebaseAnalytics
    - FirebaseCore
    - FirebaseCoreExtension
    - FirebaseCoreInternal
    - FirebaseCrashlytics
    - FirebaseDynamicLinks
    - FirebaseInstallations
    - FirebaseSessions
    - FittedSheets
    - GoogleAppMeasurement
    - GoogleDataTransport
    - GoogleUtilities
    - GRDB.swift
    - GzipSwift
    - InputBarAccessoryView
    - IQKeyboardManager
    - Kingfisher
    - Logging
    - lottie-ios
    - nanopb
    - NVActivityIndicatorView
    - pop
    - PromisesObjC
    - PromisesSwift
    - PureLayout
    - Reachability
    - SAMKeychain
    - SkeletonView
    - SnapKit
    - Socket.IO-Client-Swift
    - Starscream
    - SVGKit
    - SwiftProtobuf
    - SwiftyJSON

EXTERNAL SOURCES:
  blurhash:
    :branch: signal-master
    :git: https://github.com/signalapp/blurhash
  Curve25519Kit:
    :branch: feature/SignalClient-adoption
    :git: https://github.com/signalapp/Curve25519Kit
  LibMobileCoin:
    :commit: 5cd4f39a24d06708d1c19aced8384740689d7f61
    :git: https://github.com/signalapp/libmobilecoin-ios-artifacts
  libPhoneNumber-iOS:
    :branch: signal-master
    :git: https://github.com/signalapp/libPhoneNumber-iOS
  LibSignalClient:
    :path: libsignal-client
  libwebp:
    :podspec: "./ThirdParty/libwebp.podspec.json"
  Mantle:
    :branch: signal-master
    :git: https://github.com/signalapp/Mantle
  MessageKit:
    :git: https://github.com/d3nzZ3L/MessageKit
  MobileCoin:
    :git: https://github.com/mobilecoinofficial/MobileCoin-Swift
    :tag: v5.0.0
  MobileCoinMinimal:
    :branch: charlesmchen/mobileCoinMinimal
    :git: https://github.com/signalapp/MobileCoin-Swift.git
  nekoton_uniffi:
    :path: nekoton_uniffi/ios/nekoton_uniffi.podspec
  SignalCoreKit:
    :git: https://github.com/signalapp/SignalCoreKit
  SignalRingRTC:
    :path: ringrtc
  SQLCipher:
    :commit: 8ea0af7934e0107e4de8e96c8a7d5a95e2611eef
    :git: https://github.com/signalapp/sqlcipher.git
  SSZipArchive:
    :podspec: ThirdParty/SSZipArchive.podspec
  YYImage:
    :git: https://github.com/signalapp/YYImage

CHECKOUT OPTIONS:
  blurhash:
    :commit: 890ffdab14207154819415da7e6c969e9dfff0e9
    :git: https://github.com/signalapp/blurhash
  Curve25519Kit:
    :commit: 0af175812b5335dd32879a3556524c569dea95c9
    :git: https://github.com/signalapp/Curve25519Kit
  LibMobileCoin:
    :commit: 5cd4f39a24d06708d1c19aced8384740689d7f61
    :git: https://github.com/signalapp/libmobilecoin-ios-artifacts
  libPhoneNumber-iOS:
    :commit: 8b6f552682be0e66cf25cd0f0db5e1732a1e9f15
    :git: https://github.com/signalapp/libPhoneNumber-iOS
  Mantle:
    :commit: e7e46253bb01ce39525d90aa69ed9e85e758bfc4
    :git: https://github.com/signalapp/Mantle
  MessageKit:
    :commit: 47647af8a95552a76f90f570ddb300687d1cb432
    :git: https://github.com/d3nzZ3L/MessageKit
  MobileCoin:
    :git: https://github.com/mobilecoinofficial/MobileCoin-Swift
    :tag: v5.0.0
  MobileCoinMinimal:
    :commit: dae1e36cb6aeb8fab2c35ce857bd45cd0ce07023
    :git: https://github.com/signalapp/MobileCoin-Swift.git
  SignalCoreKit:
    :commit: ea99e9002fc516004c339a2767e4023933df75f7
    :git: https://github.com/signalapp/SignalCoreKit
  SQLCipher:
    :commit: 8ea0af7934e0107e4de8e96c8a7d5a95e2611eef
    :git: https://github.com/signalapp/sqlcipher.git
  YYImage:
    :commit: 62a4cede20bcf31da73d18163408e46a92f171c6
    :git: https://github.com/signalapp/YYImage

SPEC CHECKSUMS:
  ActiveLabel: 5e3f4de79a1952d4604b845a0610d4776e4b82b3
  blurhash: 4b3b2b8909cf41ab59fa349788654b8387284ff4
  BonMot: fb2b6a2209cb3149aca37b7131d49c051c04ae86
  BSImagePicker: 0fe04b574d4d6b81093785d2af6c26227efc8428
  CocoaLumberjack: 543c79c114dadc3b1aba95641d8738b06b05b646
  CryptoSwift: a0799ee936271bd2253a006f1e4523df21845000
  Curve25519Kit: 003b546a89ceb374a64c7771b40f8362d63b91bd
  FirebaseAnalytics: 7b41efc4eba5ff841cc94d5994b5f339361258f4
  FirebaseCore: 65a801af84cca84361ef9eac3fd868656968a53b
  FirebaseCoreExtension: 2dbc745b337eb99d2026a7a309ae037bd873f45e
  FirebaseCoreInternal: 26233f705cc4531236818a07ac84d20c333e505a
  FirebaseCrashlytics: d7fe23c5796f21104c753446b7a51d1737a88fb9
  FirebaseDynamicLinks: 3e8137f118af9b797451734d3340c843d37f6c53
  FirebaseInstallations: b822f91a61f7d1ba763e5ccc9d4f2e6f2ed3b3ee
  FirebaseSessions: 96e7781e545929cde06dd91088ddbb0841391b43
  FittedSheets: 37e35f105c531f3845075f1788dd8517a35315c4
  GoogleAppMeasurement: 079d7632810e9d9704a99932547ba1554acc4342
  GoogleDataTransport: 54dee9d48d14580407f8f5fbf2f496e92437a2f2
  GoogleUtilities: 13e2c67ede716b8741c7989e26893d151b2b2084
  GRDB.swift: 1395cb3556df6b16ed69dfc74c3886abc75d2825
  GzipSwift: 893f3e48e597a1a4f62fafcb6514220fcf8287fa
  InputBarAccessoryView: 1d7b0a672b36e370f01f264b3907ef39d03328e3
  IQKeyboardManager: 22ffab9bd300ad493485a390a095f5db0c841776
  Kingfisher: 1d14e9f59cbe19389f591c929000332bf70efd32
  LibMobileCoin: b1a473933091536cb87fc92a7ca35c63855451f3
  libPhoneNumber-iOS: 2d26d0a38933eee2702962a4dbdec2fc20e5ef9f
  LibSignalClient: 4235c7d4192055084184c1d3e5621a1a4b9f193c
  libwebp: 1b5562124e3ca3336fb7506e76501bed7758963a
  Logging: beeb016c9c80cf77042d62e83495816847ef108b
  lottie-ios: 25e7b2675dad5c3ddad369ac9baab03560c5bfdd
  Mantle: 2fa750afa478cd625a94230fbf1c13462f29395b
  MessageKit: a1ba0c69ebead94029867853eb44dd05b9b3f453
  MobileCoin: ebf8372645558eb8fdb865b2888f63ad8ee9d81c
  MobileCoinMinimal: 627ed590d8a0d5d57c39ec25727bde3d976d2f7a
  nanopb: b552cce312b6c8484180ef47159bc0f65a1f0431
  nekoton_uniffi: 0e7eec9fb7c8bcd9554b8dbc833a93704bd9dcdc
  NVActivityIndicatorView: 1f6c5687f1171810aa27a3296814dc2d7dec3667
  pop: d582054913807fd11fd50bfe6a539d91c7e1a55a
  PromisesObjC: c50d2056b5253dadbd6c2bea79b0674bd5a52fa4
  PromisesSwift: 28dca69a9c40779916ac2d6985a0192a5cb4a265
  PureLayout: f08c01b8dec00bb14a1fefa3de4c7d9c265df85e
  Reachability: 33e18b67625424e47b6cde6d202dce689ad7af96
  SAMKeychain: 483e1c9f32984d50ca961e26818a534283b4cd5c
  SignalCoreKit: da9aed6ee558e66fe9380f6745880ae58e610912
  SignalRingRTC: a9e4c56312ee5f15fe73573f15d6e32bdf7c781f
  SkeletonView: 5a050f6411e697abd4cda0a8d767013399dccd69
  SnapKit: e01d52ebb8ddbc333eefe2132acf85c8227d9c25
  Socket.IO-Client-Swift: ee4b8f80a3db18dd7f32b266ddf273310609443c
  SQLCipher: 57fa9f863fa4a3ed9dd3c90ace52315db8c0fdca
  SSZipArchive: 8c3485528a87fa6f90afdbfc33682eb61d985ae5
  Starscream: fb2c4510bebf908c62bd383bcf05e673720e91fd
  SVGKit: 1ad7513f8c74d9652f94ed64ddecda1a23864dea
  SwiftProtobuf: b02b5075dcf60c9f5f403000b3b0c202a11b6ae1
  SwiftyJSON: 6faa0040f8b59dead0ee07436cbf76b73c08fd08
  YYImage: f1ddd15ac032a58b78bbed1e012b50302d318331

PODFILE CHECKSUM: 68c79e7d94078f5661ebb3aa2a4f08cb718d10a5

COCOAPODS: 1.14.2
